
Microsoft Visual Studio Solution File, Format Version 12.00
# Visual Studio 15
VisualStudioVersion = 15.0.28307.1259
MinimumVisualStudioVersion = 10.0.40219.1
Project("{888888A0-9F3D-457C-B088-3A5042F75D52}") = "Py3", "Py3\Py3.pyproj", "{CEFF181B-5DE0-4F74-BA84-13D715BECDDD}"
EndProject
Global
	GlobalSection(SolutionConfigurationPlatforms) = preSolution
		Debug|Any CPU = Debug|Any CPU
		Release|Any CPU = Release|Any CPU
	EndGlobalSection
	GlobalSection(ProjectConfigurationPlatforms) = postSolution
		{CEFF181B-5DE0-4F74-BA84-13D715BECDDD}.Debug|Any CPU.ActiveCfg = Debug|Any CPU
		{CEFF181B-5DE0-4F74-BA84-13D715BECDDD}.Release|Any CPU.ActiveCfg = Release|Any CPU
	EndGlobalSection
	GlobalSection(SolutionProperties) = preSolution
		HideSolutionNode = FALSE
	EndGlobalSection
	GlobalSection(ExtensibilityGlobals) = postSolution
		SolutionGuid = {E75945E8-AFAE-464F-857A-FBF9F43EA678}
	EndGlobalSection
EndGlobal
